
Microsoft Visual Studio Solution File, Format Version 12.00
# Visual Studio Version 17
VisualStudioVersion = 17.11.35219.272
MinimumVisualStudioVersion = 10.0.40219.1
Project("{FAE04EC0-301F-11D3-BF4B-00C04F79EFBC}") = "KalıtımOrnek", "KalıtımOrnek\KalıtımOrnek.csproj", "{95B25565-E80A-44A3-9492-F987AD6F9796}"
EndProject
Global
	GlobalSection(SolutionConfigurationPlatforms) = preSolution
		Debug|Any CPU = Debug|Any CPU
		Release|Any CPU = Release|Any CPU
	EndGlobalSection
	GlobalSection(ProjectConfigurationPlatforms) = postSolution
		{95B25565-E80A-44A3-9492-F987AD6F9796}.Debug|Any CPU.ActiveCfg = Debug|Any CPU
		{95B25565-E80A-44A3-9492-F987AD6F9796}.Debug|Any CPU.Build.0 = Debug|Any CPU
		{95B25565-E80A-44A3-9492-F987AD6F9796}.Release|Any CPU.ActiveCfg = Release|Any CPU
		{95B25565-E80A-44A3-9492-F987AD6F9796}.Release|Any CPU.Build.0 = Release|Any CPU
	EndGlobalSection
	GlobalSection(SolutionProperties) = preSolution
		HideSolutionNode = FALSE
	EndGlobalSection
	GlobalSection(ExtensibilityGlobals) = postSolution
		SolutionGuid = {5870D7CD-CEB3-4E27-9EEF-A5D946D7FF61}
	EndGlobalSection
EndGlobal
